
Microsoft Visual Studio Solution File, Format Version 12.00
# Visual Studio Version 17
VisualStudioVersion = 17.7.34031.279
MinimumVisualStudioVersion = 10.0.40219.1
Project("{FAE04EC0-301F-11D3-BF4B-00C04F79EFBC}") = "TaskSystem", "TaskSystem\TaskSystem.csproj", "{7E2B0861-6D70-4CE6-96F9-6CABAC53BC9A}"
EndProject
Global
	GlobalSection(SolutionConfigurationPlatforms) = preSolution
		Debug|Any CPU = Debug|Any CPU
		Release|Any CPU = Release|Any CPU
	EndGlobalSection
	GlobalSection(ProjectConfigurationPlatforms) = postSolution
		{7E2B0861-6D70-4CE6-96F9-6CABAC53BC9A}.Debug|Any CPU.ActiveCfg = Debug|Any CPU
		{7E2B0861-6D70-4CE6-96F9-6CABAC53BC9A}.Debug|Any CPU.Build.0 = Debug|Any CPU
		{7E2B0861-6D70-4CE6-96F9-6CABAC53BC9A}.Release|Any CPU.ActiveCfg = Release|Any CPU
		{7E2B0861-6D70-4CE6-96F9-6CABAC53BC9A}.Release|Any CPU.Build.0 = Release|Any CPU
	EndGlobalSection
	GlobalSection(SolutionProperties) = preSolution
		HideSolutionNode = FALSE
	EndGlobalSection
	GlobalSection(ExtensibilityGlobals) = postSolution
		SolutionGuid = {8251D0AF-F310-454F-84F3-AD99B2FAD5EB}
	EndGlobalSection
EndGlobal
